// !$*UTF8*$!
{
	archiveVersion = 1;
	classes = {
	};
	objectVersion = 50;
	objects = {

/* Begin PBXBuildFile section */
		ED68739425686EF700A21549 /* AppDelegate.swift in Sources */ = {isa = PBXBuildFile; fileRef = ED68739325686EF700A21549 /* AppDelegate.swift */; };
		ED68739625686EF700A21549 /* SceneDelegate.swift in Sources */ = {isa = PBXBuildFile; fileRef = ED68739525686EF700A21549 /* SceneDelegate.swift */; };
		ED68739925686EF700A21549 /* ZamowienieKawy.xcdatamodeld in Sources */ = {isa = PBXBuildFile; fileRef = ED68739725686EF700A21549 /* ZamowienieKawy.xcdatamodeld */; };
		ED68739B25686EF700A21549 /* ContentView.swift in Sources */ = {isa = PBXBuildFile; fileRef = ED68739A25686EF700A21549 /* ContentView.swift */; };
		ED68739D25686EF900A21549 /* Assets.xcassets in Resources */ = {isa = PBXBuildFile; fileRef = ED68739C25686EF900A21549 /* Assets.xcassets */; };
		ED6873A025686EF900A21549 /* Preview Assets.xcassets in Resources */ = {isa = PBXBuildFile; fileRef = ED68739F25686EF900A21549 /* Preview Assets.xcassets */; };
		ED6873A325686EF900A21549 /* LaunchScreen.storyboard in Resources */ = {isa = PBXBuildFile; fileRef = ED6873A125686EF900A21549 /* LaunchScreen.storyboard */; };
		ED6873AC2568702700A21549 /* CoreDataManager.swift in Sources */ = {isa = PBXBuildFile; fileRef = ED6873AB2568702700A21549 /* CoreDataManager.swift */; };
		ED6873AF2568710800A21549 /* NSManagedObjectContextExtensions.swift in Sources */ = {isa = PBXBuildFile; fileRef = ED6873AE2568710800A21549 /* NSManagedObjectContextExtensions.swift */; };
		ED6873B22568720900A21549 /* AddOrderViewModel.swift in Sources */ = {isa = PBXBuildFile; fileRef = ED6873B12568720900A21549 /* AddOrderViewModel.swift */; };
		ED6873B52568726B00A21549 /* addOrderView.swift in Sources */ = {isa = PBXBuildFile; fileRef = ED6873B42568726B00A21549 /* addOrderView.swift */; };
		ED6873B72568769300A21549 /* OrderListViewModel.swift in Sources */ = {isa = PBXBuildFile; fileRef = ED6873B62568769300A21549 /* OrderListViewModel.swift */; };
/* End PBXBuildFile section */

/* Begin PBXFileReference section */
		ED68739025686EF700A21549 /* ZamowienieKawy.app */ = {isa = PBXFileReference; explicitFileType = wrapper.application; includeInIndex = 0; path = ZamowienieKawy.app; sourceTree = BUILT_PRODUCTS_DIR; };
		ED68739325686EF700A21549 /* AppDelegate.swift */ = {isa = PBXFileReference; lastKnownFileType = sourcecode.swift; path = AppDelegate.swift; sourceTree = "<group>"; };
		ED68739525686EF700A21549 /* SceneDelegate.swift */ = {isa = PBXFileReference; lastKnownFileType = sourcecode.swift; path = SceneDelegate.swift; sourceTree = "<group>"; };
		ED68739825686EF700A21549 /* ZamowienieKawy.xcdatamodel */ = {isa = PBXFileReference; lastKnownFileType = wrapper.xcdatamodel; path = ZamowienieKawy.xcdatamodel; sourceTree = "<group>"; };
		ED68739A25686EF700A21549 /* ContentView.swift */ = {isa = PBXFileReference; lastKnownFileType = sourcecode.swift; path = ContentView.swift; sourceTree = "<group>"; };
		ED68739C25686EF900A21549 /* Assets.xcassets */ = {isa = PBXFileReference; lastKnownFileType = folder.assetcatalog; path = Assets.xcassets; sourceTree = "<group>"; };
		ED68739F25686EF900A21549 /* Preview Assets.xcassets */ = {isa = PBXFileReference; lastKnownFileType = folder.assetcatalog; path = "Preview Assets.xcassets"; sourceTree = "<group>"; };
		ED6873A225686EF900A21549 /* Base */ = {isa = PBXFileReference; lastKnownFileType = file.storyboard; name = Base; path = Base.lproj/LaunchScreen.storyboard; sourceTree = "<group>"; };
		ED6873A425686EF900A21549 /* Info.plist */ = {isa = PBXFileReference; lastKnownFileType = text.plist.xml; path = Info.plist; sourceTree = "<group>"; };
		ED6873AB2568702700A21549 /* CoreDataManager.swift */ = {isa = PBXFileReference; lastKnownFileType = sourcecode.swift; path = CoreDataManager.swift; sourceTree = "<group>"; };
		ED6873AE2568710800A21549 /* NSManagedObjectContextExtensions.swift */ = {isa = PBXFileReference; lastKnownFileType = sourcecode.swift; path = NSManagedObjectContextExtensions.swift; sourceTree = "<group>"; };
		ED6873B12568720900A21549 /* AddOrderViewModel.swift */ = {isa = PBXFileReference; lastKnownFileType = sourcecode.swift; path = AddOrderViewModel.swift; sourceTree = "<group>"; };
		ED6873B42568726B00A21549 /* addOrderView.swift */ = {isa = PBXFileReference; lastKnownFileType = sourcecode.swift; path = addOrderView.swift; sourceTree = "<group>"; };
		ED6873B62568769300A21549 /* OrderListViewModel.swift */ = {isa = PBXFileReference; lastKnownFileType = sourcecode.swift; path = OrderListViewModel.swift; sourceTree = "<group>"; };
/* End PBXFileReference section */

/* Begin PBXFrameworksBuildPhase section */
		ED68738D25686EF700A21549 /* Frameworks */ = {
			isa = PBXFrameworksBuildPhase;
			buildActionMask = 2147483647;
			files = (
			);
			runOnlyForDeploymentPostprocessing = 0;
		};
/* End PBXFrameworksBuildPhase section */

/* Begin PBXGroup section */
		ED68738725686EF700A21549 = {
			isa = PBXGroup;
			children = (
				ED68739225686EF700A21549 /* ZamowienieKawy */,
				ED68739125686EF700A21549 /* Products */,
			);
			sourceTree = "<group>";
		};
		ED68739125686EF700A21549 /* Products */ = {
			isa = PBXGroup;
			children = (
				ED68739025686EF700A21549 /* ZamowienieKawy.app */,
			);
			name = Products;
			sourceTree = "<group>";
		};
		ED68739225686EF700A21549 /* ZamowienieKawy */ = {
			isa = PBXGroup;
			children = (
				ED6873B32568723400A21549 /* Views */,
				ED6873B0256871FB00A21549 /* VIewModels */,
				ED6873AA2568701200A21549 /* Managers */,
				ED68739325686EF700A21549 /* AppDelegate.swift */,
				ED68739525686EF700A21549 /* SceneDelegate.swift */,
				ED68739C25686EF900A21549 /* Assets.xcassets */,
				ED6873A125686EF900A21549 /* LaunchScreen.storyboard */,
				ED6873A425686EF900A21549 /* Info.plist */,
				ED68739725686EF700A21549 /* ZamowienieKawy.xcdatamodeld */,
				ED68739E25686EF900A21549 /* Preview Content */,
			);
			path = ZamowienieKawy;
			sourceTree = "<group>";
		};
		ED68739E25686EF900A21549 /* Preview Content */ = {
			isa = PBXGroup;
			children = (
				ED68739F25686EF900A21549 /* Preview Assets.xcassets */,
			);
			path = "Preview Content";
			sourceTree = "<group>";
		};
		ED6873AA2568701200A21549 /* Managers */ = {
			isa = PBXGroup;
			children = (
				ED6873AB2568702700A21549 /* CoreDataManager.swift */,
			);
			path = Managers;
			sourceTree = "<group>";
		};
		ED6873AD256870F200A21549 /* Extensions */ = {
			isa = PBXGroup;
			children = (
				ED6873AE2568710800A21549 /* NSManagedObjectContextExtensions.swift */,
			);
			path = Extensions;
			sourceTree = "<group>";
		};
		ED6873B0256871FB00A21549 /* VIewModels */ = {
			isa = PBXGroup;
			children = (
				ED6873B12568720900A21549 /* AddOrderViewModel.swift */,
				ED6873B62568769300A21549 /* OrderListViewModel.swift */,
				ED6873AD256870F200A21549 /* Extensions */,
			);
			path = VIewModels;
			sourceTree = "<group>";
		};
		ED6873B32568723400A21549 /* Views */ = {
			isa = PBXGroup;
			children = (
				ED6873B42568726B00A21549 /* addOrderView.swift */,
				ED68739A25686EF700A21549 /* ContentView.swift */,
			);
			path = Views;
			sourceTree = "<group>";
		};
/* End PBXGroup section */

/* Begin PBXNativeTarget section */
		ED68738F25686EF700A21549 /* ZamowienieKawy */ = {
			isa = PBXNativeTarget;
			buildConfigurationList = ED6873A725686EF900A21549 /* Build configuration list for PBXNativeTarget "ZamowienieKawy" */;
			buildPhases = (
				ED68738C25686EF700A21549 /* Sources */,
				ED68738D25686EF700A21549 /* Frameworks */,
				ED68738E25686EF700A21549 /* Resources */,
			);
			buildRules = (
			);
			dependencies = (
			);
			name = ZamowienieKawy;
			productName = ZamowienieKawy;
			productReference = ED68739025686EF700A21549 /* ZamowienieKawy.app */;
			productType = "com.apple.product-type.application";
		};
/* End PBXNativeTarget section */

/* Begin PBXProject section */
		ED68738825686EF700A21549 /* Project object */ = {
			isa = PBXProject;
			attributes = {
				LastSwiftUpdateCheck = 1170;
				LastUpgradeCheck = 1170;
				ORGANIZATIONNAME = "Michał Grycki";
				TargetAttributes = {
					ED68738F25686EF700A21549 = {
						CreatedOnToolsVersion = 11.7;
					};
				};
			};
			buildConfigurationList = ED68738B25686EF700A21549 /* Build configuration list for PBXProject "ZamowienieKawy" */;
			compatibilityVersion = "Xcode 9.3";
			developmentRegion = en;
			hasScannedForEncodings = 0;
			knownRegions = (
				en,
				Base,
			);
			mainGroup = ED68738725686EF700A21549;
			productRefGroup = ED68739125686EF700A21549 /* Products */;
			projectDirPath = "";
			projectRoot = "";
			targets = (
				ED68738F25686EF700A21549 /* ZamowienieKawy */,
			);
		};
/* End PBXProject section */

/* Begin PBXResourcesBuildPhase section */
		ED68738E25686EF700A21549 /* Resources */ = {
			isa = PBXResourcesBuildPhase;
			buildActionMask = 2147483647;
			files = (
				ED6873A325686EF900A21549 /* LaunchScreen.storyboard in Resources */,
				ED6873A025686EF900A21549 /* Preview Assets.xcassets in Resources */,
				ED68739D25686EF900A21549 /* Assets.xcassets in Resources */,
			);
			runOnlyForDeploymentPostprocessing = 0;
		};
/* End PBXResourcesBuildPhase section */

/* Begin PBXSourcesBuildPhase section */
		ED68738C25686EF700A21549 /* Sources */ = {
			isa = PBXSourcesBuildPhase;
			buildActionMask = 2147483647;
			files = (
				ED68739425686EF700A21549 /* AppDelegate.swift in Sources */,
				ED68739625686EF700A21549 /* SceneDelegate.swift in Sources */,
				ED68739B25686EF700A21549 /* ContentView.swift in Sources */,
				ED6873B72568769300A21549 /* OrderListViewModel.swift in Sources */,
				ED6873AF2568710800A21549 /* NSManagedObjectContextExtensions.swift in Sources */,
				ED6873AC2568702700A21549 /* CoreDataManager.swift in Sources */,
				ED6873B52568726B00A21549 /* addOrderView.swift in Sources */,
				ED6873B22568720900A21549 /* AddOrderViewModel.swift in Sources */,
				ED68739925686EF700A21549 /* ZamowienieKawy.xcdatamodeld in Sources */,
			);
			runOnlyForDeploymentPostprocessing = 0;
		};
/* End PBXSourcesBuildPhase section */

/* Begin PBXVariantGroup section */
		ED6873A125686EF900A21549 /* LaunchScreen.storyboard */ = {
			isa = PBXVariantGroup;
			children = (
				ED6873A225686EF900A21549 /* Base */,
			);
			name = LaunchScreen.storyboard;
			sourceTree = "<group>";
		};
/* End PBXVariantGroup section */

/* Begin XCBuildConfiguration section */
		ED6873A525686EF900A21549 /* Debug */ = {
			isa = XCBuildConfiguration;
			buildSettings = {
				ALWAYS_SEARCH_USER_PATHS = NO;
				CLANG_ANALYZER_NONNULL = YES;
				CLANG_ANALYZER_NUMBER_OBJECT_CONVERSION = YES_AGGRESSIVE;
				CLANG_CXX_LANGUAGE_STANDARD = "gnu++14";
				CLANG_CXX_LIBRARY = "libc++";
				CLANG_ENABLE_MODULES = YES;
				CLANG_ENABLE_OBJC_ARC = YES;
				CLANG_ENABLE_OBJC_WEAK = YES;
				CLANG_WARN_BLOCK_CAPTURE_AUTORELEASING = YES;
				CLANG_WARN_BOOL_CONVERSION = YES;
				CLANG_WARN_COMMA = YES;
				CLANG_WARN_CONSTANT_CONVERSION = YES;
				CLANG_WARN_DEPRECATED_OBJC_IMPLEMENTATIONS = YES;
				CLANG_WARN_DIRECT_OBJC_ISA_USAGE = YES_ERROR;
				CLANG_WARN_DOCUMENTATION_COMMENTS = YES;
				CLANG_WARN_EMPTY_BODY = YES;
				CLANG_WARN_ENUM_CONVERSION = YES;
				CLANG_WARN_INFINITE_RECURSION = YES;
				CLANG_WARN_INT_CONVERSION = YES;
				CLANG_WARN_NON_LITERAL_NULL_CONVERSION = YES;
				CLANG_WARN_OBJC_IMPLICIT_RETAIN_SELF = YES;
				CLANG_WARN_OBJC_LITERAL_CONVERSION = YES;
				CLANG_WARN_OBJC_ROOT_CLASS = YES_ERROR;
				CLANG_WARN_RANGE_LOOP_ANALYSIS = YES;
				CLANG_WARN_STRICT_PROTOTYPES = YES;
				CLANG_WARN_SUSPICIOUS_MOVE = YES;
				CLANG_WARN_UNGUARDED_AVAILABILITY = YES_AGGRESSIVE;
				CLANG_WARN_UNREACHABLE_CODE = YES;
				CLANG_WARN__DUPLICATE_METHOD_MATCH = YES;
				COPY_PHASE_STRIP = NO;
				DEBUG_INFORMATION_FORMAT = dwarf;
				ENABLE_STRICT_OBJC_MSGSEND = YES;
				ENABLE_TESTABILITY = YES;
				GCC_C_LANGUAGE_STANDARD = gnu11;
				GCC_DYNAMIC_NO_PIC = NO;
				GCC_NO_COMMON_BLOCKS = YES;
				GCC_OPTIMIZATION_LEVEL = 0;
				GCC_PREPROCESSOR_DEFINITIONS = (
					"DEBUG=1",
					"$(inherited)",
				);
				GCC_WARN_64_TO_32_BIT_CONVERSION = YES;
				GCC_WARN_ABOUT_RETURN_TYPE = YES_ERROR;
				GCC_WARN_UNDECLARED_SELECTOR = YES;
				GCC_WARN_UNINITIALIZED_AUTOS = YES_AGGRESSIVE;
				GCC_WARN_UNUSED_FUNCTION = YES;
				GCC_WARN_UNUSED_VARIABLE = YES;
				IPHONEOS_DEPLOYMENT_TARGET = 13.7;
				MTL_ENABLE_DEBUG_INFO = INCLUDE_SOURCE;
				MTL_FAST_MATH = YES;
				ONLY_ACTIVE_ARCH = YES;
				SDKROOT = iphoneos;
				SWIFT_ACTIVE_COMPILATION_CONDITIONS = DEBUG;
				SWIFT_OPTIMIZATION_LEVEL = "-Onone";
			};
			name = Debug;
		};
		ED6873A625686EF900A21549 /* Release */ = {
			isa = XCBuildConfiguration;
			buildSettings = {
				ALWAYS_SEARCH_USER_PATHS = NO;
				CLANG_ANALYZER_NONNULL = YES;
				CLANG_ANALYZER_NUMBER_OBJECT_CONVERSION = YES_AGGRESSIVE;
				CLANG_CXX_LANGUAGE_STANDARD = "gnu++14";
				CLANG_CXX_LIBRARY = "libc++";
				CLANG_ENABLE_MODULES = YES;
				CLANG_ENABLE_OBJC_ARC = YES;
				CLANG_ENABLE_OBJC_WEAK = YES;
				CLANG_WARN_BLOCK_CAPTURE_AUTORELEASING = YES;
				CLANG_WARN_BOOL_CONVERSION = YES;
				CLANG_WARN_COMMA = YES;
				CLANG_WARN_CONSTANT_CONVERSION = YES;
				CLANG_WARN_DEPRECATED_OBJC_IMPLEMENTATIONS = YES;
				CLANG_WARN_DIRECT_OBJC_ISA_USAGE = YES_ERROR;
				CLANG_WARN_DOCUMENTATION_COMMENTS = YES;
				CLANG_WARN_EMPTY_BODY = YES;
				CLANG_WARN_ENUM_CONVERSION = YES;
				CLANG_WARN_INFINITE_RECURSION = YES;
				CLANG_WARN_INT_CONVERSION = YES;
				CLANG_WARN_NON_LITERAL_NULL_CONVERSION = YES;
				CLANG_WARN_OBJC_IMPLICIT_RETAIN_SELF = YES;
				CLANG_WARN_OBJC_LITERAL_CONVERSION = YES;
				CLANG_WARN_OBJC_ROOT_CLASS = YES_ERROR;
				CLANG_WARN_RANGE_LOOP_ANALYSIS = YES;
				CLANG_WARN_STRICT_PROTOTYPES = YES;
				CLANG_WARN_SUSPICIOUS_MOVE = YES;
				CLANG_WARN_UNGUARDED_AVAILABILITY = YES_AGGRESSIVE;
				CLANG_WARN_UNREACHABLE_CODE = YES;
				CLANG_WARN__DUPLICATE_METHOD_MATCH = YES;
				COPY_PHASE_STRIP = NO;
				DEBUG_INFORMATION_FORMAT = "dwarf-with-dsym";
				ENABLE_NS_ASSERTIONS = NO;
				ENABLE_STRICT_OBJC_MSGSEND = YES;
				GCC_C_LANGUAGE_STANDARD = gnu11;
				GCC_NO_COMMON_BLOCKS = YES;
				GCC_WARN_64_TO_32_BIT_CONVERSION = YES;
				GCC_WARN_ABOUT_RETURN_TYPE = YES_ERROR;
				GCC_WARN_UNDECLARED_SELECTOR = YES;
				GCC_WARN_UNINITIALIZED_AUTOS = YES_AGGRESSIVE;
				GCC_WARN_UNUSED_FUNCTION = YES;
				GCC_WARN_UNUSED_VARIABLE = YES;
				IPHONEOS_DEPLOYMENT_TARGET = 13.7;
				MTL_ENABLE_DEBUG_INFO = NO;
				MTL_FAST_MATH = YES;
				SDKROOT = iphoneos;
				SWIFT_COMPILATION_MODE = wholemodule;
				SWIFT_OPTIMIZATION_LEVEL = "-O";
				VALIDATE_PRODUCT = YES;
			};
			name = Release;
		};
		ED6873A825686EF900A21549 /* Debug */ = {
			isa = XCBuildConfiguration;
			buildSettings = {
				ASSETCATALOG_COMPILER_APPICON_NAME = AppIcon;
				CODE_SIGN_STYLE = Automatic;
				DEVELOPMENT_ASSET_PATHS = "\"ZamowienieKawy/Preview Content\"";
				ENABLE_PREVIEWS = YES;
				INFOPLIST_FILE = ZamowienieKawy/Info.plist;
				LD_RUNPATH_SEARCH_PATHS = (
					"$(inherited)",
					"@executable_path/Frameworks",
				);
				PRODUCT_BUNDLE_IDENTIFIER = mg.ZamowienieKawy;
				PRODUCT_NAME = "$(TARGET_NAME)";
				SWIFT_VERSION = 5.0;
				TARGETED_DEVICE_FAMILY = "1,2";
			};
			name = Debug;
		};
		ED6873A925686EF900A21549 /* Release */ = {
			isa = XCBuildConfiguration;
			buildSettings = {
				ASSETCATALOG_COMPILER_APPICON_NAME = AppIcon;
				CODE_SIGN_STYLE = Automatic;
				DEVELOPMENT_ASSET_PATHS = "\"ZamowienieKawy/Preview Content\"";
				ENABLE_PREVIEWS = YES;
				INFOPLIST_FILE = ZamowienieKawy/Info.plist;
				LD_RUNPATH_SEARCH_PATHS = (
					"$(inherited)",
					"@executable_path/Frameworks",
				);
				PRODUCT_BUNDLE_IDENTIFIER = mg.ZamowienieKawy;
				PRODUCT_NAME = "$(TARGET_NAME)";
				SWIFT_VERSION = 5.0;
				TARGETED_DEVICE_FAMILY = "1,2";
			};
			name = Release;
		};
/* End XCBuildConfiguration section */

/* Begin XCConfigurationList section */
		ED68738B25686EF700A21549 /* Build configuration list for PBXProject "ZamowienieKawy" */ = {
			isa = XCConfigurationList;
			buildConfigurations = (
				ED6873A525686EF900A21549 /* Debug */,
				ED6873A625686EF900A21549 /* Release */,
			);
			defaultConfigurationIsVisible = 0;
			defaultConfigurationName = Release;
		};
		ED6873A725686EF900A21549 /* Build configuration list for PBXNativeTarget "ZamowienieKawy" */ = {
			isa = XCConfigurationList;
			buildConfigurations = (
				ED6873A825686EF900A21549 /* Debug */,
				ED6873A925686EF900A21549 /* Release */,
			);
			defaultConfigurationIsVisible = 0;
			defaultConfigurationName = Release;
		};
/* End XCConfigurationList section */

/* Begin XCVersionGroup section */
		ED68739725686EF700A21549 /* ZamowienieKawy.xcdatamodeld */ = {
			isa = XCVersionGroup;
			children = (
				ED68739825686EF700A21549 /* ZamowienieKawy.xcdatamodel */,
			);
			currentVersion = ED68739825686EF700A21549 /* ZamowienieKawy.xcdatamodel */;
			path = ZamowienieKawy.xcdatamodeld;
			sourceTree = "<group>";
			versionGroupType = wrapper.xcdatamodel;
		};
/* End XCVersionGroup section */
	};
	rootObject = ED68738825686EF700A21549 /* Project object */;
}
