// !$*UTF8*$!
{
	archiveVersion = 1;
	classes = {
	};
	objectVersion = 50;
	objects = {

/* Begin PBXBuildFile section */
		ED3597EC253347E30051C450 /* AppDelegate.swift in Sources */ = {isa = PBXBuildFile; fileRef = ED3597EB253347E30051C450 /* AppDelegate.swift */; };
		ED3597EE253347E30051C450 /* SceneDelegate.swift in Sources */ = {isa = PBXBuildFile; fileRef = ED3597ED253347E30051C450 /* SceneDelegate.swift */; };
		ED3597F0253347E30051C450 /* ContentView.swift in Sources */ = {isa = PBXBuildFile; fileRef = ED3597EF253347E30051C450 /* ContentView.swift */; };
		ED3597F2253347E50051C450 /* Assets.xcassets in Resources */ = {isa = PBXBuildFile; fileRef = ED3597F1253347E50051C450 /* Assets.xcassets */; };
		ED3597F5253347E50051C450 /* Preview Assets.xcassets in Resources */ = {isa = PBXBuildFile; fileRef = ED3597F4253347E50051C450 /* Preview Assets.xcassets */; };
		ED3597F8253347E50051C450 /* LaunchScreen.storyboard in Resources */ = {isa = PBXBuildFile; fileRef = ED3597F6253347E50051C450 /* LaunchScreen.storyboard */; };
		ED3598002533481C0051C450 /* fanceScoreView.swift in Sources */ = {isa = PBXBuildFile; fileRef = ED3597FF2533481C0051C450 /* fanceScoreView.swift */; };
		ED359802253355D60051C450 /* userSettings.swift in Sources */ = {isa = PBXBuildFile; fileRef = ED359801253355D60051C450 /* userSettings.swift */; };
/* End PBXBuildFile section */

/* Begin PBXFileReference section */
		ED3597E8253347E30051C450 /* @EnvironmentObject.app */ = {isa = PBXFileReference; explicitFileType = wrapper.application; includeInIndex = 0; path = "@EnvironmentObject.app"; sourceTree = BUILT_PRODUCTS_DIR; };
		ED3597EB253347E30051C450 /* AppDelegate.swift */ = {isa = PBXFileReference; lastKnownFileType = sourcecode.swift; path = AppDelegate.swift; sourceTree = "<group>"; };
		ED3597ED253347E30051C450 /* SceneDelegate.swift */ = {isa = PBXFileReference; lastKnownFileType = sourcecode.swift; path = SceneDelegate.swift; sourceTree = "<group>"; };
		ED3597EF253347E30051C450 /* ContentView.swift */ = {isa = PBXFileReference; lastKnownFileType = sourcecode.swift; path = ContentView.swift; sourceTree = "<group>"; };
		ED3597F1253347E50051C450 /* Assets.xcassets */ = {isa = PBXFileReference; lastKnownFileType = folder.assetcatalog; path = Assets.xcassets; sourceTree = "<group>"; };
		ED3597F4253347E50051C450 /* Preview Assets.xcassets */ = {isa = PBXFileReference; lastKnownFileType = folder.assetcatalog; path = "Preview Assets.xcassets"; sourceTree = "<group>"; };
		ED3597F7253347E50051C450 /* Base */ = {isa = PBXFileReference; lastKnownFileType = file.storyboard; name = Base; path = Base.lproj/LaunchScreen.storyboard; sourceTree = "<group>"; };
		ED3597F9253347E50051C450 /* Info.plist */ = {isa = PBXFileReference; lastKnownFileType = text.plist.xml; path = Info.plist; sourceTree = "<group>"; };
		ED3597FF2533481C0051C450 /* fanceScoreView.swift */ = {isa = PBXFileReference; lastKnownFileType = sourcecode.swift; path = fanceScoreView.swift; sourceTree = "<group>"; };
		ED359801253355D60051C450 /* userSettings.swift */ = {isa = PBXFileReference; lastKnownFileType = sourcecode.swift; path = userSettings.swift; sourceTree = "<group>"; };
/* End PBXFileReference section */

/* Begin PBXFrameworksBuildPhase section */
		ED3597E5253347E30051C450 /* Frameworks */ = {
			isa = PBXFrameworksBuildPhase;
			buildActionMask = 2147483647;
			files = (
			);
			runOnlyForDeploymentPostprocessing = 0;
		};
/* End PBXFrameworksBuildPhase section */

/* Begin PBXGroup section */
		ED3597DF253347E30051C450 = {
			isa = PBXGroup;
			children = (
				ED3597EA253347E30051C450 /* @EnvironmentObject */,
				ED3597E9253347E30051C450 /* Products */,
			);
			sourceTree = "<group>";
		};
		ED3597E9253347E30051C450 /* Products */ = {
			isa = PBXGroup;
			children = (
				ED3597E8253347E30051C450 /* @EnvironmentObject.app */,
			);
			name = Products;
			sourceTree = "<group>";
		};
		ED3597EA253347E30051C450 /* @EnvironmentObject */ = {
			isa = PBXGroup;
			children = (
				ED3597EB253347E30051C450 /* AppDelegate.swift */,
				ED3597ED253347E30051C450 /* SceneDelegate.swift */,
				ED3597EF253347E30051C450 /* ContentView.swift */,
				ED3597FF2533481C0051C450 /* fanceScoreView.swift */,
				ED359801253355D60051C450 /* userSettings.swift */,
				ED3597F1253347E50051C450 /* Assets.xcassets */,
				ED3597F6253347E50051C450 /* LaunchScreen.storyboard */,
				ED3597F9253347E50051C450 /* Info.plist */,
				ED3597F3253347E50051C450 /* Preview Content */,
			);
			path = "@EnvironmentObject";
			sourceTree = "<group>";
		};
		ED3597F3253347E50051C450 /* Preview Content */ = {
			isa = PBXGroup;
			children = (
				ED3597F4253347E50051C450 /* Preview Assets.xcassets */,
			);
			path = "Preview Content";
			sourceTree = "<group>";
		};
/* End PBXGroup section */

/* Begin PBXNativeTarget section */
		ED3597E7253347E30051C450 /* @EnvironmentObject */ = {
			isa = PBXNativeTarget;
			buildConfigurationList = ED3597FC253347E50051C450 /* Build configuration list for PBXNativeTarget "@EnvironmentObject" */;
			buildPhases = (
				ED3597E4253347E30051C450 /* Sources */,
				ED3597E5253347E30051C450 /* Frameworks */,
				ED3597E6253347E30051C450 /* Resources */,
			);
			buildRules = (
			);
			dependencies = (
			);
			name = "@EnvironmentObject";
			productName = "@EnvironmentObject";
			productReference = ED3597E8253347E30051C450 /* @EnvironmentObject.app */;
			productType = "com.apple.product-type.application";
		};
/* End PBXNativeTarget section */

/* Begin PBXProject section */
		ED3597E0253347E30051C450 /* Project object */ = {
			isa = PBXProject;
			attributes = {
				LastSwiftUpdateCheck = 1160;
				LastUpgradeCheck = 1160;
				ORGANIZATIONNAME = "Michał Grycki";
				TargetAttributes = {
					ED3597E7253347E30051C450 = {
						CreatedOnToolsVersion = 11.6;
					};
				};
			};
			buildConfigurationList = ED3597E3253347E30051C450 /* Build configuration list for PBXProject "@EnvironmentObject" */;
			compatibilityVersion = "Xcode 9.3";
			developmentRegion = en;
			hasScannedForEncodings = 0;
			knownRegions = (
				en,
				Base,
			);
			mainGroup = ED3597DF253347E30051C450;
			productRefGroup = ED3597E9253347E30051C450 /* Products */;
			projectDirPath = "";
			projectRoot = "";
			targets = (
				ED3597E7253347E30051C450 /* @EnvironmentObject */,
			);
		};
/* End PBXProject section */

/* Begin PBXResourcesBuildPhase section */
		ED3597E6253347E30051C450 /* Resources */ = {
			isa = PBXResourcesBuildPhase;
			buildActionMask = 2147483647;
			files = (
				ED3597F8253347E50051C450 /* LaunchScreen.storyboard in Resources */,
				ED3597F5253347E50051C450 /* Preview Assets.xcassets in Resources */,
				ED3597F2253347E50051C450 /* Assets.xcassets in Resources */,
			);
			runOnlyForDeploymentPostprocessing = 0;
		};
/* End PBXResourcesBuildPhase section */

/* Begin PBXSourcesBuildPhase section */
		ED3597E4253347E30051C450 /* Sources */ = {
			isa = PBXSourcesBuildPhase;
			buildActionMask = 2147483647;
			files = (
				ED3597EC253347E30051C450 /* AppDelegate.swift in Sources */,
				ED3597EE253347E30051C450 /* SceneDelegate.swift in Sources */,
				ED3597F0253347E30051C450 /* ContentView.swift in Sources */,
				ED359802253355D60051C450 /* userSettings.swift in Sources */,
				ED3598002533481C0051C450 /* fanceScoreView.swift in Sources */,
			);
			runOnlyForDeploymentPostprocessing = 0;
		};
/* End PBXSourcesBuildPhase section */

/* Begin PBXVariantGroup section */
		ED3597F6253347E50051C450 /* LaunchScreen.storyboard */ = {
			isa = PBXVariantGroup;
			children = (
				ED3597F7253347E50051C450 /* Base */,
			);
			name = LaunchScreen.storyboard;
			sourceTree = "<group>";
		};
/* End PBXVariantGroup section */

/* Begin XCBuildConfiguration section */
		ED3597FA253347E50051C450 /* Debug */ = {
			isa = XCBuildConfiguration;
			buildSettings = {
				ALWAYS_SEARCH_USER_PATHS = NO;
				CLANG_ANALYZER_NONNULL = YES;
				CLANG_ANALYZER_NUMBER_OBJECT_CONVERSION = YES_AGGRESSIVE;
				CLANG_CXX_LANGUAGE_STANDARD = "gnu++14";
				CLANG_CXX_LIBRARY = "libc++";
				CLANG_ENABLE_MODULES = YES;
				CLANG_ENABLE_OBJC_ARC = YES;
				CLANG_ENABLE_OBJC_WEAK = YES;
				CLANG_WARN_BLOCK_CAPTURE_AUTORELEASING = YES;
				CLANG_WARN_BOOL_CONVERSION = YES;
				CLANG_WARN_COMMA = YES;
				CLANG_WARN_CONSTANT_CONVERSION = YES;
				CLANG_WARN_DEPRECATED_OBJC_IMPLEMENTATIONS = YES;
				CLANG_WARN_DIRECT_OBJC_ISA_USAGE = YES_ERROR;
				CLANG_WARN_DOCUMENTATION_COMMENTS = YES;
				CLANG_WARN_EMPTY_BODY = YES;
				CLANG_WARN_ENUM_CONVERSION = YES;
				CLANG_WARN_INFINITE_RECURSION = YES;
				CLANG_WARN_INT_CONVERSION = YES;
				CLANG_WARN_NON_LITERAL_NULL_CONVERSION = YES;
				CLANG_WARN_OBJC_IMPLICIT_RETAIN_SELF = YES;
				CLANG_WARN_OBJC_LITERAL_CONVERSION = YES;
				CLANG_WARN_OBJC_ROOT_CLASS = YES_ERROR;
				CLANG_WARN_RANGE_LOOP_ANALYSIS = YES;
				CLANG_WARN_STRICT_PROTOTYPES = YES;
				CLANG_WARN_SUSPICIOUS_MOVE = YES;
				CLANG_WARN_UNGUARDED_AVAILABILITY = YES_AGGRESSIVE;
				CLANG_WARN_UNREACHABLE_CODE = YES;
				CLANG_WARN__DUPLICATE_METHOD_MATCH = YES;
				COPY_PHASE_STRIP = NO;
				DEBUG_INFORMATION_FORMAT = dwarf;
				ENABLE_STRICT_OBJC_MSGSEND = YES;
				ENABLE_TESTABILITY = YES;
				GCC_C_LANGUAGE_STANDARD = gnu11;
				GCC_DYNAMIC_NO_PIC = NO;
				GCC_NO_COMMON_BLOCKS = YES;
				GCC_OPTIMIZATION_LEVEL = 0;
				GCC_PREPROCESSOR_DEFINITIONS = (
					"DEBUG=1",
					"$(inherited)",
				);
				GCC_WARN_64_TO_32_BIT_CONVERSION = YES;
				GCC_WARN_ABOUT_RETURN_TYPE = YES_ERROR;
				GCC_WARN_UNDECLARED_SELECTOR = YES;
				GCC_WARN_UNINITIALIZED_AUTOS = YES_AGGRESSIVE;
				GCC_WARN_UNUSED_FUNCTION = YES;
				GCC_WARN_UNUSED_VARIABLE = YES;
				IPHONEOS_DEPLOYMENT_TARGET = 13.6;
				MTL_ENABLE_DEBUG_INFO = INCLUDE_SOURCE;
				MTL_FAST_MATH = YES;
				ONLY_ACTIVE_ARCH = YES;
				SDKROOT = iphoneos;
				SWIFT_ACTIVE_COMPILATION_CONDITIONS = DEBUG;
				SWIFT_OPTIMIZATION_LEVEL = "-Onone";
			};
			name = Debug;
		};
		ED3597FB253347E50051C450 /* Release */ = {
			isa = XCBuildConfiguration;
			buildSettings = {
				ALWAYS_SEARCH_USER_PATHS = NO;
				CLANG_ANALYZER_NONNULL = YES;
				CLANG_ANALYZER_NUMBER_OBJECT_CONVERSION = YES_AGGRESSIVE;
				CLANG_CXX_LANGUAGE_STANDARD = "gnu++14";
				CLANG_CXX_LIBRARY = "libc++";
				CLANG_ENABLE_MODULES = YES;
				CLANG_ENABLE_OBJC_ARC = YES;
				CLANG_ENABLE_OBJC_WEAK = YES;
				CLANG_WARN_BLOCK_CAPTURE_AUTORELEASING = YES;
				CLANG_WARN_BOOL_CONVERSION = YES;
				CLANG_WARN_COMMA = YES;
				CLANG_WARN_CONSTANT_CONVERSION = YES;
				CLANG_WARN_DEPRECATED_OBJC_IMPLEMENTATIONS = YES;
				CLANG_WARN_DIRECT_OBJC_ISA_USAGE = YES_ERROR;
				CLANG_WARN_DOCUMENTATION_COMMENTS = YES;
				CLANG_WARN_EMPTY_BODY = YES;
				CLANG_WARN_ENUM_CONVERSION = YES;
				CLANG_WARN_INFINITE_RECURSION = YES;
				CLANG_WARN_INT_CONVERSION = YES;
				CLANG_WARN_NON_LITERAL_NULL_CONVERSION = YES;
				CLANG_WARN_OBJC_IMPLICIT_RETAIN_SELF = YES;
				CLANG_WARN_OBJC_LITERAL_CONVERSION = YES;
				CLANG_WARN_OBJC_ROOT_CLASS = YES_ERROR;
				CLANG_WARN_RANGE_LOOP_ANALYSIS = YES;
				CLANG_WARN_STRICT_PROTOTYPES = YES;
				CLANG_WARN_SUSPICIOUS_MOVE = YES;
				CLANG_WARN_UNGUARDED_AVAILABILITY = YES_AGGRESSIVE;
				CLANG_WARN_UNREACHABLE_CODE = YES;
				CLANG_WARN__DUPLICATE_METHOD_MATCH = YES;
				COPY_PHASE_STRIP = NO;
				DEBUG_INFORMATION_FORMAT = "dwarf-with-dsym";
				ENABLE_NS_ASSERTIONS = NO;
				ENABLE_STRICT_OBJC_MSGSEND = YES;
				GCC_C_LANGUAGE_STANDARD = gnu11;
				GCC_NO_COMMON_BLOCKS = YES;
				GCC_WARN_64_TO_32_BIT_CONVERSION = YES;
				GCC_WARN_ABOUT_RETURN_TYPE = YES_ERROR;
				GCC_WARN_UNDECLARED_SELECTOR = YES;
				GCC_WARN_UNINITIALIZED_AUTOS = YES_AGGRESSIVE;
				GCC_WARN_UNUSED_FUNCTION = YES;
				GCC_WARN_UNUSED_VARIABLE = YES;
				IPHONEOS_DEPLOYMENT_TARGET = 13.6;
				MTL_ENABLE_DEBUG_INFO = NO;
				MTL_FAST_MATH = YES;
				SDKROOT = iphoneos;
				SWIFT_COMPILATION_MODE = wholemodule;
				SWIFT_OPTIMIZATION_LEVEL = "-O";
				VALIDATE_PRODUCT = YES;
			};
			name = Release;
		};
		ED3597FD253347E50051C450 /* Debug */ = {
			isa = XCBuildConfiguration;
			buildSettings = {
				ASSETCATALOG_COMPILER_APPICON_NAME = AppIcon;
				CODE_SIGN_STYLE = Automatic;
				DEVELOPMENT_ASSET_PATHS = "\"@EnvironmentObject/Preview Content\"";
				ENABLE_PREVIEWS = YES;
				INFOPLIST_FILE = "@EnvironmentObject/Info.plist";
				LD_RUNPATH_SEARCH_PATHS = (
					"$(inherited)",
					"@executable_path/Frameworks",
				);
				PRODUCT_BUNDLE_IDENTIFIER = "mg.-EnvironmentObject";
				PRODUCT_NAME = "$(TARGET_NAME)";
				SWIFT_VERSION = 5.0;
				TARGETED_DEVICE_FAMILY = "1,2";
			};
			name = Debug;
		};
		ED3597FE253347E50051C450 /* Release */ = {
			isa = XCBuildConfiguration;
			buildSettings = {
				ASSETCATALOG_COMPILER_APPICON_NAME = AppIcon;
				CODE_SIGN_STYLE = Automatic;
				DEVELOPMENT_ASSET_PATHS = "\"@EnvironmentObject/Preview Content\"";
				ENABLE_PREVIEWS = YES;
				INFOPLIST_FILE = "@EnvironmentObject/Info.plist";
				LD_RUNPATH_SEARCH_PATHS = (
					"$(inherited)",
					"@executable_path/Frameworks",
				);
				PRODUCT_BUNDLE_IDENTIFIER = "mg.-EnvironmentObject";
				PRODUCT_NAME = "$(TARGET_NAME)";
				SWIFT_VERSION = 5.0;
				TARGETED_DEVICE_FAMILY = "1,2";
			};
			name = Release;
		};
/* End XCBuildConfiguration section */

/* Begin XCConfigurationList section */
		ED3597E3253347E30051C450 /* Build configuration list for PBXProject "@EnvironmentObject" */ = {
			isa = XCConfigurationList;
			buildConfigurations = (
				ED3597FA253347E50051C450 /* Debug */,
				ED3597FB253347E50051C450 /* Release */,
			);
			defaultConfigurationIsVisible = 0;
			defaultConfigurationName = Release;
		};
		ED3597FC253347E50051C450 /* Build configuration list for PBXNativeTarget "@EnvironmentObject" */ = {
			isa = XCConfigurationList;
			buildConfigurations = (
				ED3597FD253347E50051C450 /* Debug */,
				ED3597FE253347E50051C450 /* Release */,
			);
			defaultConfigurationIsVisible = 0;
			defaultConfigurationName = Release;
		};
/* End XCConfigurationList section */
	};
	rootObject = ED3597E0253347E30051C450 /* Project object */;
}
