// !$*UTF8*$!
{
	archiveVersion = 1;
	classes = {
	};
	objectVersion = 50;
	objects = {

/* Begin PBXBuildFile section */
		ED6873012567D86300A21549 /* AppDelegate.swift in Sources */ = {isa = PBXBuildFile; fileRef = ED6873002567D86300A21549 /* AppDelegate.swift */; };
		ED6873032567D86300A21549 /* SceneDelegate.swift in Sources */ = {isa = PBXBuildFile; fileRef = ED6873022567D86300A21549 /* SceneDelegate.swift */; };
		ED6873052567D86300A21549 /* ContentView.swift in Sources */ = {isa = PBXBuildFile; fileRef = ED6873042567D86300A21549 /* ContentView.swift */; };
		ED6873072567D86500A21549 /* Assets.xcassets in Resources */ = {isa = PBXBuildFile; fileRef = ED6873062567D86500A21549 /* Assets.xcassets */; };
		ED68730A2567D86500A21549 /* Preview Assets.xcassets in Resources */ = {isa = PBXBuildFile; fileRef = ED6873092567D86500A21549 /* Preview Assets.xcassets */; };
		ED68730D2567D86500A21549 /* LaunchScreen.storyboard in Resources */ = {isa = PBXBuildFile; fileRef = ED68730B2567D86500A21549 /* LaunchScreen.storyboard */; };
		ED6873152567D8D500A21549 /* imagePicker.swift in Sources */ = {isa = PBXBuildFile; fileRef = ED6873142567D8D500A21549 /* imagePicker.swift */; };
		ED6873172567DD7A00A21549 /* photoCaptureView.swift in Sources */ = {isa = PBXBuildFile; fileRef = ED6873162567DD7A00A21549 /* photoCaptureView.swift */; };
/* End PBXBuildFile section */

/* Begin PBXFileReference section */
		ED6872FD2567D86300A21549 /* LibraryIntegration.app */ = {isa = PBXFileReference; explicitFileType = wrapper.application; includeInIndex = 0; path = LibraryIntegration.app; sourceTree = BUILT_PRODUCTS_DIR; };
		ED6873002567D86300A21549 /* AppDelegate.swift */ = {isa = PBXFileReference; lastKnownFileType = sourcecode.swift; path = AppDelegate.swift; sourceTree = "<group>"; };
		ED6873022567D86300A21549 /* SceneDelegate.swift */ = {isa = PBXFileReference; lastKnownFileType = sourcecode.swift; path = SceneDelegate.swift; sourceTree = "<group>"; };
		ED6873042567D86300A21549 /* ContentView.swift */ = {isa = PBXFileReference; lastKnownFileType = sourcecode.swift; path = ContentView.swift; sourceTree = "<group>"; };
		ED6873062567D86500A21549 /* Assets.xcassets */ = {isa = PBXFileReference; lastKnownFileType = folder.assetcatalog; path = Assets.xcassets; sourceTree = "<group>"; };
		ED6873092567D86500A21549 /* Preview Assets.xcassets */ = {isa = PBXFileReference; lastKnownFileType = folder.assetcatalog; path = "Preview Assets.xcassets"; sourceTree = "<group>"; };
		ED68730C2567D86500A21549 /* Base */ = {isa = PBXFileReference; lastKnownFileType = file.storyboard; name = Base; path = Base.lproj/LaunchScreen.storyboard; sourceTree = "<group>"; };
		ED68730E2567D86500A21549 /* Info.plist */ = {isa = PBXFileReference; lastKnownFileType = text.plist.xml; path = Info.plist; sourceTree = "<group>"; };
		ED6873142567D8D500A21549 /* imagePicker.swift */ = {isa = PBXFileReference; lastKnownFileType = sourcecode.swift; path = imagePicker.swift; sourceTree = "<group>"; };
		ED6873162567DD7A00A21549 /* photoCaptureView.swift */ = {isa = PBXFileReference; lastKnownFileType = sourcecode.swift; path = photoCaptureView.swift; sourceTree = "<group>"; };
/* End PBXFileReference section */

/* Begin PBXFrameworksBuildPhase section */
		ED6872FA2567D86300A21549 /* Frameworks */ = {
			isa = PBXFrameworksBuildPhase;
			buildActionMask = 2147483647;
			files = (
			);
			runOnlyForDeploymentPostprocessing = 0;
		};
/* End PBXFrameworksBuildPhase section */

/* Begin PBXGroup section */
		ED6872F42567D86300A21549 = {
			isa = PBXGroup;
			children = (
				ED6872FF2567D86300A21549 /* LibraryIntegration */,
				ED6872FE2567D86300A21549 /* Products */,
			);
			sourceTree = "<group>";
		};
		ED6872FE2567D86300A21549 /* Products */ = {
			isa = PBXGroup;
			children = (
				ED6872FD2567D86300A21549 /* LibraryIntegration.app */,
			);
			name = Products;
			sourceTree = "<group>";
		};
		ED6872FF2567D86300A21549 /* LibraryIntegration */ = {
			isa = PBXGroup;
			children = (
				ED6873002567D86300A21549 /* AppDelegate.swift */,
				ED6873022567D86300A21549 /* SceneDelegate.swift */,
				ED6873042567D86300A21549 /* ContentView.swift */,
				ED6873062567D86500A21549 /* Assets.xcassets */,
				ED68730B2567D86500A21549 /* LaunchScreen.storyboard */,
				ED68730E2567D86500A21549 /* Info.plist */,
				ED6873082567D86500A21549 /* Preview Content */,
				ED6873142567D8D500A21549 /* imagePicker.swift */,
				ED6873162567DD7A00A21549 /* photoCaptureView.swift */,
			);
			path = LibraryIntegration;
			sourceTree = "<group>";
		};
		ED6873082567D86500A21549 /* Preview Content */ = {
			isa = PBXGroup;
			children = (
				ED6873092567D86500A21549 /* Preview Assets.xcassets */,
			);
			path = "Preview Content";
			sourceTree = "<group>";
		};
/* End PBXGroup section */

/* Begin PBXNativeTarget section */
		ED6872FC2567D86300A21549 /* LibraryIntegration */ = {
			isa = PBXNativeTarget;
			buildConfigurationList = ED6873112567D86500A21549 /* Build configuration list for PBXNativeTarget "LibraryIntegration" */;
			buildPhases = (
				ED6872F92567D86300A21549 /* Sources */,
				ED6872FA2567D86300A21549 /* Frameworks */,
				ED6872FB2567D86300A21549 /* Resources */,
			);
			buildRules = (
			);
			dependencies = (
			);
			name = LibraryIntegration;
			productName = LibraryIntegration;
			productReference = ED6872FD2567D86300A21549 /* LibraryIntegration.app */;
			productType = "com.apple.product-type.application";
		};
/* End PBXNativeTarget section */

/* Begin PBXProject section */
		ED6872F52567D86300A21549 /* Project object */ = {
			isa = PBXProject;
			attributes = {
				LastSwiftUpdateCheck = 1170;
				LastUpgradeCheck = 1170;
				ORGANIZATIONNAME = "Michał Grycki";
				TargetAttributes = {
					ED6872FC2567D86300A21549 = {
						CreatedOnToolsVersion = 11.7;
					};
				};
			};
			buildConfigurationList = ED6872F82567D86300A21549 /* Build configuration list for PBXProject "LibraryIntegration" */;
			compatibilityVersion = "Xcode 9.3";
			developmentRegion = en;
			hasScannedForEncodings = 0;
			knownRegions = (
				en,
				Base,
			);
			mainGroup = ED6872F42567D86300A21549;
			productRefGroup = ED6872FE2567D86300A21549 /* Products */;
			projectDirPath = "";
			projectRoot = "";
			targets = (
				ED6872FC2567D86300A21549 /* LibraryIntegration */,
			);
		};
/* End PBXProject section */

/* Begin PBXResourcesBuildPhase section */
		ED6872FB2567D86300A21549 /* Resources */ = {
			isa = PBXResourcesBuildPhase;
			buildActionMask = 2147483647;
			files = (
				ED68730D2567D86500A21549 /* LaunchScreen.storyboard in Resources */,
				ED68730A2567D86500A21549 /* Preview Assets.xcassets in Resources */,
				ED6873072567D86500A21549 /* Assets.xcassets in Resources */,
			);
			runOnlyForDeploymentPostprocessing = 0;
		};
/* End PBXResourcesBuildPhase section */

/* Begin PBXSourcesBuildPhase section */
		ED6872F92567D86300A21549 /* Sources */ = {
			isa = PBXSourcesBuildPhase;
			buildActionMask = 2147483647;
			files = (
				ED6873012567D86300A21549 /* AppDelegate.swift in Sources */,
				ED6873152567D8D500A21549 /* imagePicker.swift in Sources */,
				ED6873172567DD7A00A21549 /* photoCaptureView.swift in Sources */,
				ED6873032567D86300A21549 /* SceneDelegate.swift in Sources */,
				ED6873052567D86300A21549 /* ContentView.swift in Sources */,
			);
			runOnlyForDeploymentPostprocessing = 0;
		};
/* End PBXSourcesBuildPhase section */

/* Begin PBXVariantGroup section */
		ED68730B2567D86500A21549 /* LaunchScreen.storyboard */ = {
			isa = PBXVariantGroup;
			children = (
				ED68730C2567D86500A21549 /* Base */,
			);
			name = LaunchScreen.storyboard;
			sourceTree = "<group>";
		};
/* End PBXVariantGroup section */

/* Begin XCBuildConfiguration section */
		ED68730F2567D86500A21549 /* Debug */ = {
			isa = XCBuildConfiguration;
			buildSettings = {
				ALWAYS_SEARCH_USER_PATHS = NO;
				CLANG_ANALYZER_NONNULL = YES;
				CLANG_ANALYZER_NUMBER_OBJECT_CONVERSION = YES_AGGRESSIVE;
				CLANG_CXX_LANGUAGE_STANDARD = "gnu++14";
				CLANG_CXX_LIBRARY = "libc++";
				CLANG_ENABLE_MODULES = YES;
				CLANG_ENABLE_OBJC_ARC = YES;
				CLANG_ENABLE_OBJC_WEAK = YES;
				CLANG_WARN_BLOCK_CAPTURE_AUTORELEASING = YES;
				CLANG_WARN_BOOL_CONVERSION = YES;
				CLANG_WARN_COMMA = YES;
				CLANG_WARN_CONSTANT_CONVERSION = YES;
				CLANG_WARN_DEPRECATED_OBJC_IMPLEMENTATIONS = YES;
				CLANG_WARN_DIRECT_OBJC_ISA_USAGE = YES_ERROR;
				CLANG_WARN_DOCUMENTATION_COMMENTS = YES;
				CLANG_WARN_EMPTY_BODY = YES;
				CLANG_WARN_ENUM_CONVERSION = YES;
				CLANG_WARN_INFINITE_RECURSION = YES;
				CLANG_WARN_INT_CONVERSION = YES;
				CLANG_WARN_NON_LITERAL_NULL_CONVERSION = YES;
				CLANG_WARN_OBJC_IMPLICIT_RETAIN_SELF = YES;
				CLANG_WARN_OBJC_LITERAL_CONVERSION = YES;
				CLANG_WARN_OBJC_ROOT_CLASS = YES_ERROR;
				CLANG_WARN_RANGE_LOOP_ANALYSIS = YES;
				CLANG_WARN_STRICT_PROTOTYPES = YES;
				CLANG_WARN_SUSPICIOUS_MOVE = YES;
				CLANG_WARN_UNGUARDED_AVAILABILITY = YES_AGGRESSIVE;
				CLANG_WARN_UNREACHABLE_CODE = YES;
				CLANG_WARN__DUPLICATE_METHOD_MATCH = YES;
				COPY_PHASE_STRIP = NO;
				DEBUG_INFORMATION_FORMAT = dwarf;
				ENABLE_STRICT_OBJC_MSGSEND = YES;
				ENABLE_TESTABILITY = YES;
				GCC_C_LANGUAGE_STANDARD = gnu11;
				GCC_DYNAMIC_NO_PIC = NO;
				GCC_NO_COMMON_BLOCKS = YES;
				GCC_OPTIMIZATION_LEVEL = 0;
				GCC_PREPROCESSOR_DEFINITIONS = (
					"DEBUG=1",
					"$(inherited)",
				);
				GCC_WARN_64_TO_32_BIT_CONVERSION = YES;
				GCC_WARN_ABOUT_RETURN_TYPE = YES_ERROR;
				GCC_WARN_UNDECLARED_SELECTOR = YES;
				GCC_WARN_UNINITIALIZED_AUTOS = YES_AGGRESSIVE;
				GCC_WARN_UNUSED_FUNCTION = YES;
				GCC_WARN_UNUSED_VARIABLE = YES;
				IPHONEOS_DEPLOYMENT_TARGET = 13.7;
				MTL_ENABLE_DEBUG_INFO = INCLUDE_SOURCE;
				MTL_FAST_MATH = YES;
				ONLY_ACTIVE_ARCH = YES;
				SDKROOT = iphoneos;
				SWIFT_ACTIVE_COMPILATION_CONDITIONS = DEBUG;
				SWIFT_OPTIMIZATION_LEVEL = "-Onone";
			};
			name = Debug;
		};
		ED6873102567D86500A21549 /* Release */ = {
			isa = XCBuildConfiguration;
			buildSettings = {
				ALWAYS_SEARCH_USER_PATHS = NO;
				CLANG_ANALYZER_NONNULL = YES;
				CLANG_ANALYZER_NUMBER_OBJECT_CONVERSION = YES_AGGRESSIVE;
				CLANG_CXX_LANGUAGE_STANDARD = "gnu++14";
				CLANG_CXX_LIBRARY = "libc++";
				CLANG_ENABLE_MODULES = YES;
				CLANG_ENABLE_OBJC_ARC = YES;
				CLANG_ENABLE_OBJC_WEAK = YES;
				CLANG_WARN_BLOCK_CAPTURE_AUTORELEASING = YES;
				CLANG_WARN_BOOL_CONVERSION = YES;
				CLANG_WARN_COMMA = YES;
				CLANG_WARN_CONSTANT_CONVERSION = YES;
				CLANG_WARN_DEPRECATED_OBJC_IMPLEMENTATIONS = YES;
				CLANG_WARN_DIRECT_OBJC_ISA_USAGE = YES_ERROR;
				CLANG_WARN_DOCUMENTATION_COMMENTS = YES;
				CLANG_WARN_EMPTY_BODY = YES;
				CLANG_WARN_ENUM_CONVERSION = YES;
				CLANG_WARN_INFINITE_RECURSION = YES;
				CLANG_WARN_INT_CONVERSION = YES;
				CLANG_WARN_NON_LITERAL_NULL_CONVERSION = YES;
				CLANG_WARN_OBJC_IMPLICIT_RETAIN_SELF = YES;
				CLANG_WARN_OBJC_LITERAL_CONVERSION = YES;
				CLANG_WARN_OBJC_ROOT_CLASS = YES_ERROR;
				CLANG_WARN_RANGE_LOOP_ANALYSIS = YES;
				CLANG_WARN_STRICT_PROTOTYPES = YES;
				CLANG_WARN_SUSPICIOUS_MOVE = YES;
				CLANG_WARN_UNGUARDED_AVAILABILITY = YES_AGGRESSIVE;
				CLANG_WARN_UNREACHABLE_CODE = YES;
				CLANG_WARN__DUPLICATE_METHOD_MATCH = YES;
				COPY_PHASE_STRIP = NO;
				DEBUG_INFORMATION_FORMAT = "dwarf-with-dsym";
				ENABLE_NS_ASSERTIONS = NO;
				ENABLE_STRICT_OBJC_MSGSEND = YES;
				GCC_C_LANGUAGE_STANDARD = gnu11;
				GCC_NO_COMMON_BLOCKS = YES;
				GCC_WARN_64_TO_32_BIT_CONVERSION = YES;
				GCC_WARN_ABOUT_RETURN_TYPE = YES_ERROR;
				GCC_WARN_UNDECLARED_SELECTOR = YES;
				GCC_WARN_UNINITIALIZED_AUTOS = YES_AGGRESSIVE;
				GCC_WARN_UNUSED_FUNCTION = YES;
				GCC_WARN_UNUSED_VARIABLE = YES;
				IPHONEOS_DEPLOYMENT_TARGET = 13.7;
				MTL_ENABLE_DEBUG_INFO = NO;
				MTL_FAST_MATH = YES;
				SDKROOT = iphoneos;
				SWIFT_COMPILATION_MODE = wholemodule;
				SWIFT_OPTIMIZATION_LEVEL = "-O";
				VALIDATE_PRODUCT = YES;
			};
			name = Release;
		};
		ED6873122567D86500A21549 /* Debug */ = {
			isa = XCBuildConfiguration;
			buildSettings = {
				ASSETCATALOG_COMPILER_APPICON_NAME = AppIcon;
				CODE_SIGN_STYLE = Automatic;
				DEVELOPMENT_ASSET_PATHS = "\"LibraryIntegration/Preview Content\"";
				ENABLE_PREVIEWS = YES;
				INFOPLIST_FILE = LibraryIntegration/Info.plist;
				LD_RUNPATH_SEARCH_PATHS = (
					"$(inherited)",
					"@executable_path/Frameworks",
				);
				PRODUCT_BUNDLE_IDENTIFIER = mg.LibraryIntegration;
				PRODUCT_NAME = "$(TARGET_NAME)";
				SWIFT_VERSION = 5.0;
				TARGETED_DEVICE_FAMILY = "1,2";
			};
			name = Debug;
		};
		ED6873132567D86500A21549 /* Release */ = {
			isa = XCBuildConfiguration;
			buildSettings = {
				ASSETCATALOG_COMPILER_APPICON_NAME = AppIcon;
				CODE_SIGN_STYLE = Automatic;
				DEVELOPMENT_ASSET_PATHS = "\"LibraryIntegration/Preview Content\"";
				ENABLE_PREVIEWS = YES;
				INFOPLIST_FILE = LibraryIntegration/Info.plist;
				LD_RUNPATH_SEARCH_PATHS = (
					"$(inherited)",
					"@executable_path/Frameworks",
				);
				PRODUCT_BUNDLE_IDENTIFIER = mg.LibraryIntegration;
				PRODUCT_NAME = "$(TARGET_NAME)";
				SWIFT_VERSION = 5.0;
				TARGETED_DEVICE_FAMILY = "1,2";
			};
			name = Release;
		};
/* End XCBuildConfiguration section */

/* Begin XCConfigurationList section */
		ED6872F82567D86300A21549 /* Build configuration list for PBXProject "LibraryIntegration" */ = {
			isa = XCConfigurationList;
			buildConfigurations = (
				ED68730F2567D86500A21549 /* Debug */,
				ED6873102567D86500A21549 /* Release */,
			);
			defaultConfigurationIsVisible = 0;
			defaultConfigurationName = Release;
		};
		ED6873112567D86500A21549 /* Build configuration list for PBXNativeTarget "LibraryIntegration" */ = {
			isa = XCConfigurationList;
			buildConfigurations = (
				ED6873122567D86500A21549 /* Debug */,
				ED6873132567D86500A21549 /* Release */,
			);
			defaultConfigurationIsVisible = 0;
			defaultConfigurationName = Release;
		};
/* End XCConfigurationList section */
	};
	rootObject = ED6872F52567D86300A21549 /* Project object */;
}
