// !$*UTF8*$!
{
	archiveVersion = 1;
	classes = {
	};
	objectVersion = 50;
	objects = {

/* Begin PBXBuildFile section */
		ED35975B252498020051C450 /* AppDelegate.swift in Sources */ = {isa = PBXBuildFile; fileRef = ED35975A252498020051C450 /* AppDelegate.swift */; };
		ED35975D252498020051C450 /* SceneDelegate.swift in Sources */ = {isa = PBXBuildFile; fileRef = ED35975C252498020051C450 /* SceneDelegate.swift */; };
		ED35975F252498020051C450 /* ContentView.swift in Sources */ = {isa = PBXBuildFile; fileRef = ED35975E252498020051C450 /* ContentView.swift */; };
		ED359761252498050051C450 /* Assets.xcassets in Resources */ = {isa = PBXBuildFile; fileRef = ED359760252498050051C450 /* Assets.xcassets */; };
		ED359764252498050051C450 /* Preview Assets.xcassets in Resources */ = {isa = PBXBuildFile; fileRef = ED359763252498050051C450 /* Preview Assets.xcassets */; };
		ED359767252498050051C450 /* LaunchScreen.storyboard in Resources */ = {isa = PBXBuildFile; fileRef = ED359765252498050051C450 /* LaunchScreen.storyboard */; };
		ED3597702524982D0051C450 /* Episode.swift in Sources */ = {isa = PBXBuildFile; fileRef = ED35976F2524982D0051C450 /* Episode.swift */; };
/* End PBXBuildFile section */

/* Begin PBXFileReference section */
		ED359757252498020051C450 /* Podcast-Player-Binding.app */ = {isa = PBXFileReference; explicitFileType = wrapper.application; includeInIndex = 0; path = "Podcast-Player-Binding.app"; sourceTree = BUILT_PRODUCTS_DIR; };
		ED35975A252498020051C450 /* AppDelegate.swift */ = {isa = PBXFileReference; lastKnownFileType = sourcecode.swift; path = AppDelegate.swift; sourceTree = "<group>"; };
		ED35975C252498020051C450 /* SceneDelegate.swift */ = {isa = PBXFileReference; lastKnownFileType = sourcecode.swift; path = SceneDelegate.swift; sourceTree = "<group>"; };
		ED35975E252498020051C450 /* ContentView.swift */ = {isa = PBXFileReference; lastKnownFileType = sourcecode.swift; path = ContentView.swift; sourceTree = "<group>"; };
		ED359760252498050051C450 /* Assets.xcassets */ = {isa = PBXFileReference; lastKnownFileType = folder.assetcatalog; path = Assets.xcassets; sourceTree = "<group>"; };
		ED359763252498050051C450 /* Preview Assets.xcassets */ = {isa = PBXFileReference; lastKnownFileType = folder.assetcatalog; path = "Preview Assets.xcassets"; sourceTree = "<group>"; };
		ED359766252498050051C450 /* Base */ = {isa = PBXFileReference; lastKnownFileType = file.storyboard; name = Base; path = Base.lproj/LaunchScreen.storyboard; sourceTree = "<group>"; };
		ED359768252498050051C450 /* Info.plist */ = {isa = PBXFileReference; lastKnownFileType = text.plist.xml; path = Info.plist; sourceTree = "<group>"; };
		ED35976F2524982D0051C450 /* Episode.swift */ = {isa = PBXFileReference; lastKnownFileType = sourcecode.swift; path = Episode.swift; sourceTree = "<group>"; };
/* End PBXFileReference section */

/* Begin PBXFrameworksBuildPhase section */
		ED359754252498020051C450 /* Frameworks */ = {
			isa = PBXFrameworksBuildPhase;
			buildActionMask = 2147483647;
			files = (
			);
			runOnlyForDeploymentPostprocessing = 0;
		};
/* End PBXFrameworksBuildPhase section */

/* Begin PBXGroup section */
		ED35974E252498020051C450 = {
			isa = PBXGroup;
			children = (
				ED359759252498020051C450 /* Podcast-Player-Binding */,
				ED359758252498020051C450 /* Products */,
			);
			sourceTree = "<group>";
		};
		ED359758252498020051C450 /* Products */ = {
			isa = PBXGroup;
			children = (
				ED359757252498020051C450 /* Podcast-Player-Binding.app */,
			);
			name = Products;
			sourceTree = "<group>";
		};
		ED359759252498020051C450 /* Podcast-Player-Binding */ = {
			isa = PBXGroup;
			children = (
				ED35976E2524981E0051C450 /* Models */,
				ED35975A252498020051C450 /* AppDelegate.swift */,
				ED35975C252498020051C450 /* SceneDelegate.swift */,
				ED35975E252498020051C450 /* ContentView.swift */,
				ED359760252498050051C450 /* Assets.xcassets */,
				ED359765252498050051C450 /* LaunchScreen.storyboard */,
				ED359768252498050051C450 /* Info.plist */,
				ED359762252498050051C450 /* Preview Content */,
			);
			path = "Podcast-Player-Binding";
			sourceTree = "<group>";
		};
		ED359762252498050051C450 /* Preview Content */ = {
			isa = PBXGroup;
			children = (
				ED359763252498050051C450 /* Preview Assets.xcassets */,
			);
			path = "Preview Content";
			sourceTree = "<group>";
		};
		ED35976E2524981E0051C450 /* Models */ = {
			isa = PBXGroup;
			children = (
				ED35976F2524982D0051C450 /* Episode.swift */,
			);
			path = Models;
			sourceTree = "<group>";
		};
/* End PBXGroup section */

/* Begin PBXNativeTarget section */
		ED359756252498020051C450 /* Podcast-Player-Binding */ = {
			isa = PBXNativeTarget;
			buildConfigurationList = ED35976B252498050051C450 /* Build configuration list for PBXNativeTarget "Podcast-Player-Binding" */;
			buildPhases = (
				ED359753252498020051C450 /* Sources */,
				ED359754252498020051C450 /* Frameworks */,
				ED359755252498020051C450 /* Resources */,
			);
			buildRules = (
			);
			dependencies = (
			);
			name = "Podcast-Player-Binding";
			productName = "Podcast-Player-Binding";
			productReference = ED359757252498020051C450 /* Podcast-Player-Binding.app */;
			productType = "com.apple.product-type.application";
		};
/* End PBXNativeTarget section */

/* Begin PBXProject section */
		ED35974F252498020051C450 /* Project object */ = {
			isa = PBXProject;
			attributes = {
				LastSwiftUpdateCheck = 1160;
				LastUpgradeCheck = 1160;
				ORGANIZATIONNAME = "Michał Grycki";
				TargetAttributes = {
					ED359756252498020051C450 = {
						CreatedOnToolsVersion = 11.6;
					};
				};
			};
			buildConfigurationList = ED359752252498020051C450 /* Build configuration list for PBXProject "Podcast-Player-Binding" */;
			compatibilityVersion = "Xcode 9.3";
			developmentRegion = en;
			hasScannedForEncodings = 0;
			knownRegions = (
				en,
				Base,
			);
			mainGroup = ED35974E252498020051C450;
			productRefGroup = ED359758252498020051C450 /* Products */;
			projectDirPath = "";
			projectRoot = "";
			targets = (
				ED359756252498020051C450 /* Podcast-Player-Binding */,
			);
		};
/* End PBXProject section */

/* Begin PBXResourcesBuildPhase section */
		ED359755252498020051C450 /* Resources */ = {
			isa = PBXResourcesBuildPhase;
			buildActionMask = 2147483647;
			files = (
				ED359767252498050051C450 /* LaunchScreen.storyboard in Resources */,
				ED359764252498050051C450 /* Preview Assets.xcassets in Resources */,
				ED359761252498050051C450 /* Assets.xcassets in Resources */,
			);
			runOnlyForDeploymentPostprocessing = 0;
		};
/* End PBXResourcesBuildPhase section */

/* Begin PBXSourcesBuildPhase section */
		ED359753252498020051C450 /* Sources */ = {
			isa = PBXSourcesBuildPhase;
			buildActionMask = 2147483647;
			files = (
				ED35975B252498020051C450 /* AppDelegate.swift in Sources */,
				ED3597702524982D0051C450 /* Episode.swift in Sources */,
				ED35975D252498020051C450 /* SceneDelegate.swift in Sources */,
				ED35975F252498020051C450 /* ContentView.swift in Sources */,
			);
			runOnlyForDeploymentPostprocessing = 0;
		};
/* End PBXSourcesBuildPhase section */

/* Begin PBXVariantGroup section */
		ED359765252498050051C450 /* LaunchScreen.storyboard */ = {
			isa = PBXVariantGroup;
			children = (
				ED359766252498050051C450 /* Base */,
			);
			name = LaunchScreen.storyboard;
			sourceTree = "<group>";
		};
/* End PBXVariantGroup section */

/* Begin XCBuildConfiguration section */
		ED359769252498050051C450 /* Debug */ = {
			isa = XCBuildConfiguration;
			buildSettings = {
				ALWAYS_SEARCH_USER_PATHS = NO;
				CLANG_ANALYZER_NONNULL = YES;
				CLANG_ANALYZER_NUMBER_OBJECT_CONVERSION = YES_AGGRESSIVE;
				CLANG_CXX_LANGUAGE_STANDARD = "gnu++14";
				CLANG_CXX_LIBRARY = "libc++";
				CLANG_ENABLE_MODULES = YES;
				CLANG_ENABLE_OBJC_ARC = YES;
				CLANG_ENABLE_OBJC_WEAK = YES;
				CLANG_WARN_BLOCK_CAPTURE_AUTORELEASING = YES;
				CLANG_WARN_BOOL_CONVERSION = YES;
				CLANG_WARN_COMMA = YES;
				CLANG_WARN_CONSTANT_CONVERSION = YES;
				CLANG_WARN_DEPRECATED_OBJC_IMPLEMENTATIONS = YES;
				CLANG_WARN_DIRECT_OBJC_ISA_USAGE = YES_ERROR;
				CLANG_WARN_DOCUMENTATION_COMMENTS = YES;
				CLANG_WARN_EMPTY_BODY = YES;
				CLANG_WARN_ENUM_CONVERSION = YES;
				CLANG_WARN_INFINITE_RECURSION = YES;
				CLANG_WARN_INT_CONVERSION = YES;
				CLANG_WARN_NON_LITERAL_NULL_CONVERSION = YES;
				CLANG_WARN_OBJC_IMPLICIT_RETAIN_SELF = YES;
				CLANG_WARN_OBJC_LITERAL_CONVERSION = YES;
				CLANG_WARN_OBJC_ROOT_CLASS = YES_ERROR;
				CLANG_WARN_RANGE_LOOP_ANALYSIS = YES;
				CLANG_WARN_STRICT_PROTOTYPES = YES;
				CLANG_WARN_SUSPICIOUS_MOVE = YES;
				CLANG_WARN_UNGUARDED_AVAILABILITY = YES_AGGRESSIVE;
				CLANG_WARN_UNREACHABLE_CODE = YES;
				CLANG_WARN__DUPLICATE_METHOD_MATCH = YES;
				COPY_PHASE_STRIP = NO;
				DEBUG_INFORMATION_FORMAT = dwarf;
				ENABLE_STRICT_OBJC_MSGSEND = YES;
				ENABLE_TESTABILITY = YES;
				GCC_C_LANGUAGE_STANDARD = gnu11;
				GCC_DYNAMIC_NO_PIC = NO;
				GCC_NO_COMMON_BLOCKS = YES;
				GCC_OPTIMIZATION_LEVEL = 0;
				GCC_PREPROCESSOR_DEFINITIONS = (
					"DEBUG=1",
					"$(inherited)",
				);
				GCC_WARN_64_TO_32_BIT_CONVERSION = YES;
				GCC_WARN_ABOUT_RETURN_TYPE = YES_ERROR;
				GCC_WARN_UNDECLARED_SELECTOR = YES;
				GCC_WARN_UNINITIALIZED_AUTOS = YES_AGGRESSIVE;
				GCC_WARN_UNUSED_FUNCTION = YES;
				GCC_WARN_UNUSED_VARIABLE = YES;
				IPHONEOS_DEPLOYMENT_TARGET = 13.6;
				MTL_ENABLE_DEBUG_INFO = INCLUDE_SOURCE;
				MTL_FAST_MATH = YES;
				ONLY_ACTIVE_ARCH = YES;
				SDKROOT = iphoneos;
				SWIFT_ACTIVE_COMPILATION_CONDITIONS = DEBUG;
				SWIFT_OPTIMIZATION_LEVEL = "-Onone";
			};
			name = Debug;
		};
		ED35976A252498050051C450 /* Release */ = {
			isa = XCBuildConfiguration;
			buildSettings = {
				ALWAYS_SEARCH_USER_PATHS = NO;
				CLANG_ANALYZER_NONNULL = YES;
				CLANG_ANALYZER_NUMBER_OBJECT_CONVERSION = YES_AGGRESSIVE;
				CLANG_CXX_LANGUAGE_STANDARD = "gnu++14";
				CLANG_CXX_LIBRARY = "libc++";
				CLANG_ENABLE_MODULES = YES;
				CLANG_ENABLE_OBJC_ARC = YES;
				CLANG_ENABLE_OBJC_WEAK = YES;
				CLANG_WARN_BLOCK_CAPTURE_AUTORELEASING = YES;
				CLANG_WARN_BOOL_CONVERSION = YES;
				CLANG_WARN_COMMA = YES;
				CLANG_WARN_CONSTANT_CONVERSION = YES;
				CLANG_WARN_DEPRECATED_OBJC_IMPLEMENTATIONS = YES;
				CLANG_WARN_DIRECT_OBJC_ISA_USAGE = YES_ERROR;
				CLANG_WARN_DOCUMENTATION_COMMENTS = YES;
				CLANG_WARN_EMPTY_BODY = YES;
				CLANG_WARN_ENUM_CONVERSION = YES;
				CLANG_WARN_INFINITE_RECURSION = YES;
				CLANG_WARN_INT_CONVERSION = YES;
				CLANG_WARN_NON_LITERAL_NULL_CONVERSION = YES;
				CLANG_WARN_OBJC_IMPLICIT_RETAIN_SELF = YES;
				CLANG_WARN_OBJC_LITERAL_CONVERSION = YES;
				CLANG_WARN_OBJC_ROOT_CLASS = YES_ERROR;
				CLANG_WARN_RANGE_LOOP_ANALYSIS = YES;
				CLANG_WARN_STRICT_PROTOTYPES = YES;
				CLANG_WARN_SUSPICIOUS_MOVE = YES;
				CLANG_WARN_UNGUARDED_AVAILABILITY = YES_AGGRESSIVE;
				CLANG_WARN_UNREACHABLE_CODE = YES;
				CLANG_WARN__DUPLICATE_METHOD_MATCH = YES;
				COPY_PHASE_STRIP = NO;
				DEBUG_INFORMATION_FORMAT = "dwarf-with-dsym";
				ENABLE_NS_ASSERTIONS = NO;
				ENABLE_STRICT_OBJC_MSGSEND = YES;
				GCC_C_LANGUAGE_STANDARD = gnu11;
				GCC_NO_COMMON_BLOCKS = YES;
				GCC_WARN_64_TO_32_BIT_CONVERSION = YES;
				GCC_WARN_ABOUT_RETURN_TYPE = YES_ERROR;
				GCC_WARN_UNDECLARED_SELECTOR = YES;
				GCC_WARN_UNINITIALIZED_AUTOS = YES_AGGRESSIVE;
				GCC_WARN_UNUSED_FUNCTION = YES;
				GCC_WARN_UNUSED_VARIABLE = YES;
				IPHONEOS_DEPLOYMENT_TARGET = 13.6;
				MTL_ENABLE_DEBUG_INFO = NO;
				MTL_FAST_MATH = YES;
				SDKROOT = iphoneos;
				SWIFT_COMPILATION_MODE = wholemodule;
				SWIFT_OPTIMIZATION_LEVEL = "-O";
				VALIDATE_PRODUCT = YES;
			};
			name = Release;
		};
		ED35976C252498050051C450 /* Debug */ = {
			isa = XCBuildConfiguration;
			buildSettings = {
				ASSETCATALOG_COMPILER_APPICON_NAME = AppIcon;
				CODE_SIGN_STYLE = Automatic;
				DEVELOPMENT_ASSET_PATHS = "\"Podcast-Player-Binding/Preview Content\"";
				ENABLE_PREVIEWS = YES;
				INFOPLIST_FILE = "Podcast-Player-Binding/Info.plist";
				LD_RUNPATH_SEARCH_PATHS = (
					"$(inherited)",
					"@executable_path/Frameworks",
				);
				PRODUCT_BUNDLE_IDENTIFIER = "mg.Podcast-Player-Binding";
				PRODUCT_NAME = "$(TARGET_NAME)";
				SWIFT_VERSION = 5.0;
				TARGETED_DEVICE_FAMILY = "1,2";
			};
			name = Debug;
		};
		ED35976D252498050051C450 /* Release */ = {
			isa = XCBuildConfiguration;
			buildSettings = {
				ASSETCATALOG_COMPILER_APPICON_NAME = AppIcon;
				CODE_SIGN_STYLE = Automatic;
				DEVELOPMENT_ASSET_PATHS = "\"Podcast-Player-Binding/Preview Content\"";
				ENABLE_PREVIEWS = YES;
				INFOPLIST_FILE = "Podcast-Player-Binding/Info.plist";
				LD_RUNPATH_SEARCH_PATHS = (
					"$(inherited)",
					"@executable_path/Frameworks",
				);
				PRODUCT_BUNDLE_IDENTIFIER = "mg.Podcast-Player-Binding";
				PRODUCT_NAME = "$(TARGET_NAME)";
				SWIFT_VERSION = 5.0;
				TARGETED_DEVICE_FAMILY = "1,2";
			};
			name = Release;
		};
/* End XCBuildConfiguration section */

/* Begin XCConfigurationList section */
		ED359752252498020051C450 /* Build configuration list for PBXProject "Podcast-Player-Binding" */ = {
			isa = XCConfigurationList;
			buildConfigurations = (
				ED359769252498050051C450 /* Debug */,
				ED35976A252498050051C450 /* Release */,
			);
			defaultConfigurationIsVisible = 0;
			defaultConfigurationName = Release;
		};
		ED35976B252498050051C450 /* Build configuration list for PBXNativeTarget "Podcast-Player-Binding" */ = {
			isa = XCConfigurationList;
			buildConfigurations = (
				ED35976C252498050051C450 /* Debug */,
				ED35976D252498050051C450 /* Release */,
			);
			defaultConfigurationIsVisible = 0;
			defaultConfigurationName = Release;
		};
/* End XCConfigurationList section */
	};
	rootObject = ED35974F252498020051C450 /* Project object */;
}
