// !$*UTF8*$!
{
	archiveVersion = 1;
	classes = {
	};
	objectVersion = 50;
	objects = {

/* Begin PBXBuildFile section */
		ED3597322523B6D80051C450 /* AppDelegate.swift in Sources */ = {isa = PBXBuildFile; fileRef = ED3597312523B6D80051C450 /* AppDelegate.swift */; };
		ED3597342523B6D80051C450 /* SceneDelegate.swift in Sources */ = {isa = PBXBuildFile; fileRef = ED3597332523B6D80051C450 /* SceneDelegate.swift */; };
		ED3597362523B6D80051C450 /* ContentView.swift in Sources */ = {isa = PBXBuildFile; fileRef = ED3597352523B6D80051C450 /* ContentView.swift */; };
		ED3597382523B6DC0051C450 /* Assets.xcassets in Resources */ = {isa = PBXBuildFile; fileRef = ED3597372523B6DC0051C450 /* Assets.xcassets */; };
		ED35973B2523B6DC0051C450 /* Preview Assets.xcassets in Resources */ = {isa = PBXBuildFile; fileRef = ED35973A2523B6DC0051C450 /* Preview Assets.xcassets */; };
		ED35973E2523B6DC0051C450 /* LaunchScreen.storyboard in Resources */ = {isa = PBXBuildFile; fileRef = ED35973C2523B6DC0051C450 /* LaunchScreen.storyboard */; };
		ED3597472523B8650051C450 /* Task.swift in Sources */ = {isa = PBXBuildFile; fileRef = ED3597462523B8650051C450 /* Task.swift */; };
		ED3597492523B9F40051C450 /* Dish.swift in Sources */ = {isa = PBXBuildFile; fileRef = ED3597482523B9F40051C450 /* Dish.swift */; };
		ED35974B2523BEAC0051C450 /* dishList.swift in Sources */ = {isa = PBXBuildFile; fileRef = ED35974A2523BEAC0051C450 /* dishList.swift */; };
/* End PBXBuildFile section */

/* Begin PBXFileReference section */
		ED35972E2523B6D80051C450 /* @State.app */ = {isa = PBXFileReference; explicitFileType = wrapper.application; includeInIndex = 0; path = "@State.app"; sourceTree = BUILT_PRODUCTS_DIR; };
		ED3597312523B6D80051C450 /* AppDelegate.swift */ = {isa = PBXFileReference; lastKnownFileType = sourcecode.swift; path = AppDelegate.swift; sourceTree = "<group>"; };
		ED3597332523B6D80051C450 /* SceneDelegate.swift */ = {isa = PBXFileReference; lastKnownFileType = sourcecode.swift; path = SceneDelegate.swift; sourceTree = "<group>"; };
		ED3597352523B6D80051C450 /* ContentView.swift */ = {isa = PBXFileReference; lastKnownFileType = sourcecode.swift; path = ContentView.swift; sourceTree = "<group>"; };
		ED3597372523B6DC0051C450 /* Assets.xcassets */ = {isa = PBXFileReference; lastKnownFileType = folder.assetcatalog; path = Assets.xcassets; sourceTree = "<group>"; };
		ED35973A2523B6DC0051C450 /* Preview Assets.xcassets */ = {isa = PBXFileReference; lastKnownFileType = folder.assetcatalog; path = "Preview Assets.xcassets"; sourceTree = "<group>"; };
		ED35973D2523B6DC0051C450 /* Base */ = {isa = PBXFileReference; lastKnownFileType = file.storyboard; name = Base; path = Base.lproj/LaunchScreen.storyboard; sourceTree = "<group>"; };
		ED35973F2523B6DC0051C450 /* Info.plist */ = {isa = PBXFileReference; lastKnownFileType = text.plist.xml; path = Info.plist; sourceTree = "<group>"; };
		ED3597462523B8650051C450 /* Task.swift */ = {isa = PBXFileReference; lastKnownFileType = sourcecode.swift; path = Task.swift; sourceTree = "<group>"; };
		ED3597482523B9F40051C450 /* Dish.swift */ = {isa = PBXFileReference; lastKnownFileType = sourcecode.swift; path = Dish.swift; sourceTree = "<group>"; };
		ED35974A2523BEAC0051C450 /* dishList.swift */ = {isa = PBXFileReference; lastKnownFileType = sourcecode.swift; path = dishList.swift; sourceTree = "<group>"; };
/* End PBXFileReference section */

/* Begin PBXFrameworksBuildPhase section */
		ED35972B2523B6D80051C450 /* Frameworks */ = {
			isa = PBXFrameworksBuildPhase;
			buildActionMask = 2147483647;
			files = (
			);
			runOnlyForDeploymentPostprocessing = 0;
		};
/* End PBXFrameworksBuildPhase section */

/* Begin PBXGroup section */
		ED3597252523B6D80051C450 = {
			isa = PBXGroup;
			children = (
				ED3597302523B6D80051C450 /* @State */,
				ED35972F2523B6D80051C450 /* Products */,
			);
			sourceTree = "<group>";
		};
		ED35972F2523B6D80051C450 /* Products */ = {
			isa = PBXGroup;
			children = (
				ED35972E2523B6D80051C450 /* @State.app */,
			);
			name = Products;
			sourceTree = "<group>";
		};
		ED3597302523B6D80051C450 /* @State */ = {
			isa = PBXGroup;
			children = (
				ED3597452523B8560051C450 /* Models */,
				ED3597312523B6D80051C450 /* AppDelegate.swift */,
				ED3597332523B6D80051C450 /* SceneDelegate.swift */,
				ED3597352523B6D80051C450 /* ContentView.swift */,
				ED35974A2523BEAC0051C450 /* dishList.swift */,
				ED3597372523B6DC0051C450 /* Assets.xcassets */,
				ED35973C2523B6DC0051C450 /* LaunchScreen.storyboard */,
				ED35973F2523B6DC0051C450 /* Info.plist */,
				ED3597392523B6DC0051C450 /* Preview Content */,
			);
			path = "@State";
			sourceTree = "<group>";
		};
		ED3597392523B6DC0051C450 /* Preview Content */ = {
			isa = PBXGroup;
			children = (
				ED35973A2523B6DC0051C450 /* Preview Assets.xcassets */,
			);
			path = "Preview Content";
			sourceTree = "<group>";
		};
		ED3597452523B8560051C450 /* Models */ = {
			isa = PBXGroup;
			children = (
				ED3597462523B8650051C450 /* Task.swift */,
				ED3597482523B9F40051C450 /* Dish.swift */,
			);
			path = Models;
			sourceTree = "<group>";
		};
/* End PBXGroup section */

/* Begin PBXNativeTarget section */
		ED35972D2523B6D80051C450 /* @State */ = {
			isa = PBXNativeTarget;
			buildConfigurationList = ED3597422523B6DC0051C450 /* Build configuration list for PBXNativeTarget "@State" */;
			buildPhases = (
				ED35972A2523B6D80051C450 /* Sources */,
				ED35972B2523B6D80051C450 /* Frameworks */,
				ED35972C2523B6D80051C450 /* Resources */,
			);
			buildRules = (
			);
			dependencies = (
			);
			name = "@State";
			productName = "@State";
			productReference = ED35972E2523B6D80051C450 /* @State.app */;
			productType = "com.apple.product-type.application";
		};
/* End PBXNativeTarget section */

/* Begin PBXProject section */
		ED3597262523B6D80051C450 /* Project object */ = {
			isa = PBXProject;
			attributes = {
				LastSwiftUpdateCheck = 1160;
				LastUpgradeCheck = 1160;
				ORGANIZATIONNAME = "Michał Grycki";
				TargetAttributes = {
					ED35972D2523B6D80051C450 = {
						CreatedOnToolsVersion = 11.6;
					};
				};
			};
			buildConfigurationList = ED3597292523B6D80051C450 /* Build configuration list for PBXProject "@State" */;
			compatibilityVersion = "Xcode 9.3";
			developmentRegion = en;
			hasScannedForEncodings = 0;
			knownRegions = (
				en,
				Base,
			);
			mainGroup = ED3597252523B6D80051C450;
			productRefGroup = ED35972F2523B6D80051C450 /* Products */;
			projectDirPath = "";
			projectRoot = "";
			targets = (
				ED35972D2523B6D80051C450 /* @State */,
			);
		};
/* End PBXProject section */

/* Begin PBXResourcesBuildPhase section */
		ED35972C2523B6D80051C450 /* Resources */ = {
			isa = PBXResourcesBuildPhase;
			buildActionMask = 2147483647;
			files = (
				ED35973E2523B6DC0051C450 /* LaunchScreen.storyboard in Resources */,
				ED35973B2523B6DC0051C450 /* Preview Assets.xcassets in Resources */,
				ED3597382523B6DC0051C450 /* Assets.xcassets in Resources */,
			);
			runOnlyForDeploymentPostprocessing = 0;
		};
/* End PBXResourcesBuildPhase section */

/* Begin PBXSourcesBuildPhase section */
		ED35972A2523B6D80051C450 /* Sources */ = {
			isa = PBXSourcesBuildPhase;
			buildActionMask = 2147483647;
			files = (
				ED3597472523B8650051C450 /* Task.swift in Sources */,
				ED35974B2523BEAC0051C450 /* dishList.swift in Sources */,
				ED3597492523B9F40051C450 /* Dish.swift in Sources */,
				ED3597322523B6D80051C450 /* AppDelegate.swift in Sources */,
				ED3597342523B6D80051C450 /* SceneDelegate.swift in Sources */,
				ED3597362523B6D80051C450 /* ContentView.swift in Sources */,
			);
			runOnlyForDeploymentPostprocessing = 0;
		};
/* End PBXSourcesBuildPhase section */

/* Begin PBXVariantGroup section */
		ED35973C2523B6DC0051C450 /* LaunchScreen.storyboard */ = {
			isa = PBXVariantGroup;
			children = (
				ED35973D2523B6DC0051C450 /* Base */,
			);
			name = LaunchScreen.storyboard;
			sourceTree = "<group>";
		};
/* End PBXVariantGroup section */

/* Begin XCBuildConfiguration section */
		ED3597402523B6DC0051C450 /* Debug */ = {
			isa = XCBuildConfiguration;
			buildSettings = {
				ALWAYS_SEARCH_USER_PATHS = NO;
				CLANG_ANALYZER_NONNULL = YES;
				CLANG_ANALYZER_NUMBER_OBJECT_CONVERSION = YES_AGGRESSIVE;
				CLANG_CXX_LANGUAGE_STANDARD = "gnu++14";
				CLANG_CXX_LIBRARY = "libc++";
				CLANG_ENABLE_MODULES = YES;
				CLANG_ENABLE_OBJC_ARC = YES;
				CLANG_ENABLE_OBJC_WEAK = YES;
				CLANG_WARN_BLOCK_CAPTURE_AUTORELEASING = YES;
				CLANG_WARN_BOOL_CONVERSION = YES;
				CLANG_WARN_COMMA = YES;
				CLANG_WARN_CONSTANT_CONVERSION = YES;
				CLANG_WARN_DEPRECATED_OBJC_IMPLEMENTATIONS = YES;
				CLANG_WARN_DIRECT_OBJC_ISA_USAGE = YES_ERROR;
				CLANG_WARN_DOCUMENTATION_COMMENTS = YES;
				CLANG_WARN_EMPTY_BODY = YES;
				CLANG_WARN_ENUM_CONVERSION = YES;
				CLANG_WARN_INFINITE_RECURSION = YES;
				CLANG_WARN_INT_CONVERSION = YES;
				CLANG_WARN_NON_LITERAL_NULL_CONVERSION = YES;
				CLANG_WARN_OBJC_IMPLICIT_RETAIN_SELF = YES;
				CLANG_WARN_OBJC_LITERAL_CONVERSION = YES;
				CLANG_WARN_OBJC_ROOT_CLASS = YES_ERROR;
				CLANG_WARN_RANGE_LOOP_ANALYSIS = YES;
				CLANG_WARN_STRICT_PROTOTYPES = YES;
				CLANG_WARN_SUSPICIOUS_MOVE = YES;
				CLANG_WARN_UNGUARDED_AVAILABILITY = YES_AGGRESSIVE;
				CLANG_WARN_UNREACHABLE_CODE = YES;
				CLANG_WARN__DUPLICATE_METHOD_MATCH = YES;
				COPY_PHASE_STRIP = NO;
				DEBUG_INFORMATION_FORMAT = dwarf;
				ENABLE_STRICT_OBJC_MSGSEND = YES;
				ENABLE_TESTABILITY = YES;
				GCC_C_LANGUAGE_STANDARD = gnu11;
				GCC_DYNAMIC_NO_PIC = NO;
				GCC_NO_COMMON_BLOCKS = YES;
				GCC_OPTIMIZATION_LEVEL = 0;
				GCC_PREPROCESSOR_DEFINITIONS = (
					"DEBUG=1",
					"$(inherited)",
				);
				GCC_WARN_64_TO_32_BIT_CONVERSION = YES;
				GCC_WARN_ABOUT_RETURN_TYPE = YES_ERROR;
				GCC_WARN_UNDECLARED_SELECTOR = YES;
				GCC_WARN_UNINITIALIZED_AUTOS = YES_AGGRESSIVE;
				GCC_WARN_UNUSED_FUNCTION = YES;
				GCC_WARN_UNUSED_VARIABLE = YES;
				IPHONEOS_DEPLOYMENT_TARGET = 13.6;
				MTL_ENABLE_DEBUG_INFO = INCLUDE_SOURCE;
				MTL_FAST_MATH = YES;
				ONLY_ACTIVE_ARCH = YES;
				SDKROOT = iphoneos;
				SWIFT_ACTIVE_COMPILATION_CONDITIONS = DEBUG;
				SWIFT_OPTIMIZATION_LEVEL = "-Onone";
			};
			name = Debug;
		};
		ED3597412523B6DC0051C450 /* Release */ = {
			isa = XCBuildConfiguration;
			buildSettings = {
				ALWAYS_SEARCH_USER_PATHS = NO;
				CLANG_ANALYZER_NONNULL = YES;
				CLANG_ANALYZER_NUMBER_OBJECT_CONVERSION = YES_AGGRESSIVE;
				CLANG_CXX_LANGUAGE_STANDARD = "gnu++14";
				CLANG_CXX_LIBRARY = "libc++";
				CLANG_ENABLE_MODULES = YES;
				CLANG_ENABLE_OBJC_ARC = YES;
				CLANG_ENABLE_OBJC_WEAK = YES;
				CLANG_WARN_BLOCK_CAPTURE_AUTORELEASING = YES;
				CLANG_WARN_BOOL_CONVERSION = YES;
				CLANG_WARN_COMMA = YES;
				CLANG_WARN_CONSTANT_CONVERSION = YES;
				CLANG_WARN_DEPRECATED_OBJC_IMPLEMENTATIONS = YES;
				CLANG_WARN_DIRECT_OBJC_ISA_USAGE = YES_ERROR;
				CLANG_WARN_DOCUMENTATION_COMMENTS = YES;
				CLANG_WARN_EMPTY_BODY = YES;
				CLANG_WARN_ENUM_CONVERSION = YES;
				CLANG_WARN_INFINITE_RECURSION = YES;
				CLANG_WARN_INT_CONVERSION = YES;
				CLANG_WARN_NON_LITERAL_NULL_CONVERSION = YES;
				CLANG_WARN_OBJC_IMPLICIT_RETAIN_SELF = YES;
				CLANG_WARN_OBJC_LITERAL_CONVERSION = YES;
				CLANG_WARN_OBJC_ROOT_CLASS = YES_ERROR;
				CLANG_WARN_RANGE_LOOP_ANALYSIS = YES;
				CLANG_WARN_STRICT_PROTOTYPES = YES;
				CLANG_WARN_SUSPICIOUS_MOVE = YES;
				CLANG_WARN_UNGUARDED_AVAILABILITY = YES_AGGRESSIVE;
				CLANG_WARN_UNREACHABLE_CODE = YES;
				CLANG_WARN__DUPLICATE_METHOD_MATCH = YES;
				COPY_PHASE_STRIP = NO;
				DEBUG_INFORMATION_FORMAT = "dwarf-with-dsym";
				ENABLE_NS_ASSERTIONS = NO;
				ENABLE_STRICT_OBJC_MSGSEND = YES;
				GCC_C_LANGUAGE_STANDARD = gnu11;
				GCC_NO_COMMON_BLOCKS = YES;
				GCC_WARN_64_TO_32_BIT_CONVERSION = YES;
				GCC_WARN_ABOUT_RETURN_TYPE = YES_ERROR;
				GCC_WARN_UNDECLARED_SELECTOR = YES;
				GCC_WARN_UNINITIALIZED_AUTOS = YES_AGGRESSIVE;
				GCC_WARN_UNUSED_FUNCTION = YES;
				GCC_WARN_UNUSED_VARIABLE = YES;
				IPHONEOS_DEPLOYMENT_TARGET = 13.6;
				MTL_ENABLE_DEBUG_INFO = NO;
				MTL_FAST_MATH = YES;
				SDKROOT = iphoneos;
				SWIFT_COMPILATION_MODE = wholemodule;
				SWIFT_OPTIMIZATION_LEVEL = "-O";
				VALIDATE_PRODUCT = YES;
			};
			name = Release;
		};
		ED3597432523B6DC0051C450 /* Debug */ = {
			isa = XCBuildConfiguration;
			buildSettings = {
				ASSETCATALOG_COMPILER_APPICON_NAME = AppIcon;
				CODE_SIGN_STYLE = Automatic;
				DEVELOPMENT_ASSET_PATHS = "\"@State/Preview Content\"";
				ENABLE_PREVIEWS = YES;
				INFOPLIST_FILE = "@State/Info.plist";
				LD_RUNPATH_SEARCH_PATHS = (
					"$(inherited)",
					"@executable_path/Frameworks",
				);
				PRODUCT_BUNDLE_IDENTIFIER = "mg.-State";
				PRODUCT_NAME = "$(TARGET_NAME)";
				SWIFT_VERSION = 5.0;
				TARGETED_DEVICE_FAMILY = "1,2";
			};
			name = Debug;
		};
		ED3597442523B6DC0051C450 /* Release */ = {
			isa = XCBuildConfiguration;
			buildSettings = {
				ASSETCATALOG_COMPILER_APPICON_NAME = AppIcon;
				CODE_SIGN_STYLE = Automatic;
				DEVELOPMENT_ASSET_PATHS = "\"@State/Preview Content\"";
				ENABLE_PREVIEWS = YES;
				INFOPLIST_FILE = "@State/Info.plist";
				LD_RUNPATH_SEARCH_PATHS = (
					"$(inherited)",
					"@executable_path/Frameworks",
				);
				PRODUCT_BUNDLE_IDENTIFIER = "mg.-State";
				PRODUCT_NAME = "$(TARGET_NAME)";
				SWIFT_VERSION = 5.0;
				TARGETED_DEVICE_FAMILY = "1,2";
			};
			name = Release;
		};
/* End XCBuildConfiguration section */

/* Begin XCConfigurationList section */
		ED3597292523B6D80051C450 /* Build configuration list for PBXProject "@State" */ = {
			isa = XCConfigurationList;
			buildConfigurations = (
				ED3597402523B6DC0051C450 /* Debug */,
				ED3597412523B6DC0051C450 /* Release */,
			);
			defaultConfigurationIsVisible = 0;
			defaultConfigurationName = Release;
		};
		ED3597422523B6DC0051C450 /* Build configuration list for PBXNativeTarget "@State" */ = {
			isa = XCConfigurationList;
			buildConfigurations = (
				ED3597432523B6DC0051C450 /* Debug */,
				ED3597442523B6DC0051C450 /* Release */,
			);
			defaultConfigurationIsVisible = 0;
			defaultConfigurationName = Release;
		};
/* End XCConfigurationList section */
	};
	rootObject = ED3597262523B6D80051C450 /* Project object */;
}
